[[package]]
name = "pygame"
version = "2.1.2"
description = "Python Game Development"
category = "main"
optional = false
python-versions = ">=3.6"

[metadata]
lock-version = "1.1"
python-versions = "^3.9"
content-hash = "183f10aa7d1e36f536a3de72280da7011f169cc5c6369f5a388bbdc226329f3e"

[metadata.files]
pygame = []
